
Microsoft Visual Studio Solution File, Format Version 12.00
# Visual Studio Version 17
VisualStudioVersion = 17.9.34607.119
MinimumVisualStudioVersion = 10.0.40219.1
Project("{2150E333-8FDC-42A3-9474-1A3956D46DE8}") = "src", "src", "{5B4CA734-E787-45EB-BBD6-23CE2A277870}"
EndProject
Project("{2150E333-8FDC-42A3-9474-1A3956D46DE8}") = "test", "test", "{69BD0F99-0A30-43D6-878C-9A6BB5D9E4B5}"
EndProject
Project("{2150E333-8FDC-42A3-9474-1A3956D46DE8}") = "Solution Items", "Solution Items", "{90E7B114-74F5-434D-B885-A4DDAA13A122}"
EndProject
Project("{9A19103F-16F7-4668-BE54-9A1E7A4F7556}") = "NorthStar.Domain", "src\NorthStar.Domain\NorthStar.Domain.csproj", "{3BFBBB36-D10F-469D-B633-FACEB6FA8445}"
EndProject
Project("{9A19103F-16F7-4668-BE54-9A1E7A4F7556}") = "NorthStar.Application", "src\NorthStar.Application\NorthStar.Application.csproj", "{246E0128-7DA1-4C17-9E29-3EEBF4D52791}"
EndProject
Project("{9A19103F-16F7-4668-BE54-9A1E7A4F7556}") = "NorthStar.Api", "src\NorthStar.Api\NorthStar.Api.csproj", "{66CBEA55-6EB8-45A7-BB18-50F9E39E72BA}"
EndProject
Project("{9A19103F-16F7-4668-BE54-9A1E7A4F7556}") = "NorthStar.Infrastructure", "src\NorthStar.Infrastructure\NorthStar.Infrastructure.csproj", "{5CAD7B8D-CE5E-42F9-88DE-E0C33E064755}"
EndProject
Project("{E53339B2-1760-4266-BCC7-CA923CBCF16C}") = "docker-compose", "docker-compose.dcproj", "{BE57B870-FA0C-460E-8224-02F488A04F94}"
EndProject
Project("{FAE04EC0-301F-11D3-BF4B-00C04F79EFBC}") = "Northstar.Domain.UnitTests", "test\Northstar.Domain.UnitTests\Northstar.Domain.UnitTests.csproj", "{FE36B4BB-FEAA-47AE-92F5-5CC666EF516A}"
EndProject
Project("{FAE04EC0-301F-11D3-BF4B-00C04F79EFBC}") = "Northstar.Application.UnitTests", "test\Northstar.Application.UnitTests\Northstar.Application.UnitTests.csproj", "{DDA7B783-9D40-40C3-B7EA-2CC8A1E13225}"
EndProject
Project("{FAE04EC0-301F-11D3-BF4B-00C04F79EFBC}") = "Northstar.Application.IntegrationTests", "test\Northstar.Application.IntegrationTests\Northstar.Application.IntegrationTests.csproj", "{422C3842-E91A-446B-8416-17B6800ACA6E}"
EndProject
Global
	GlobalSection(SolutionConfigurationPlatforms) = preSolution
		Debug|Any CPU = Debug|Any CPU
		Release|Any CPU = Release|Any CPU
	EndGlobalSection
	GlobalSection(ProjectConfigurationPlatforms) = postSolution
		{3BFBBB36-D10F-469D-B633-FACEB6FA8445}.Debug|Any CPU.ActiveCfg = Debug|Any CPU
		{3BFBBB36-D10F-469D-B633-FACEB6FA8445}.Debug|Any CPU.Build.0 = Debug|Any CPU
		{3BFBBB36-D10F-469D-B633-FACEB6FA8445}.Release|Any CPU.ActiveCfg = Release|Any CPU
		{3BFBBB36-D10F-469D-B633-FACEB6FA8445}.Release|Any CPU.Build.0 = Release|Any CPU
		{246E0128-7DA1-4C17-9E29-3EEBF4D52791}.Debug|Any CPU.ActiveCfg = Debug|Any CPU
		{246E0128-7DA1-4C17-9E29-3EEBF4D52791}.Debug|Any CPU.Build.0 = Debug|Any CPU
		{246E0128-7DA1-4C17-9E29-3EEBF4D52791}.Release|Any CPU.ActiveCfg = Release|Any CPU
		{246E0128-7DA1-4C17-9E29-3EEBF4D52791}.Release|Any CPU.Build.0 = Release|Any CPU
		{66CBEA55-6EB8-45A7-BB18-50F9E39E72BA}.Debug|Any CPU.ActiveCfg = Debug|Any CPU
		{66CBEA55-6EB8-45A7-BB18-50F9E39E72BA}.Debug|Any CPU.Build.0 = Debug|Any CPU
		{66CBEA55-6EB8-45A7-BB18-50F9E39E72BA}.Release|Any CPU.ActiveCfg = Release|Any CPU
		{66CBEA55-6EB8-45A7-BB18-50F9E39E72BA}.Release|Any CPU.Build.0 = Release|Any CPU
		{5CAD7B8D-CE5E-42F9-88DE-E0C33E064755}.Debug|Any CPU.ActiveCfg = Debug|Any CPU
		{5CAD7B8D-CE5E-42F9-88DE-E0C33E064755}.Debug|Any CPU.Build.0 = Debug|Any CPU
		{5CAD7B8D-CE5E-42F9-88DE-E0C33E064755}.Release|Any CPU.ActiveCfg = Release|Any CPU
		{5CAD7B8D-CE5E-42F9-88DE-E0C33E064755}.Release|Any CPU.Build.0 = Release|Any CPU
		{BE57B870-FA0C-460E-8224-02F488A04F94}.Debug|Any CPU.ActiveCfg = Debug|Any CPU
		{BE57B870-FA0C-460E-8224-02F488A04F94}.Debug|Any CPU.Build.0 = Debug|Any CPU
		{BE57B870-FA0C-460E-8224-02F488A04F94}.Release|Any CPU.ActiveCfg = Release|Any CPU
		{BE57B870-FA0C-460E-8224-02F488A04F94}.Release|Any CPU.Build.0 = Release|Any CPU
		{FE36B4BB-FEAA-47AE-92F5-5CC666EF516A}.Debug|Any CPU.ActiveCfg = Debug|Any CPU
		{FE36B4BB-FEAA-47AE-92F5-5CC666EF516A}.Debug|Any CPU.Build.0 = Debug|Any CPU
		{FE36B4BB-FEAA-47AE-92F5-5CC666EF516A}.Release|Any CPU.ActiveCfg = Release|Any CPU
		{FE36B4BB-FEAA-47AE-92F5-5CC666EF516A}.Release|Any CPU.Build.0 = Release|Any CPU
		{DDA7B783-9D40-40C3-B7EA-2CC8A1E13225}.Debug|Any CPU.ActiveCfg = Debug|Any CPU
		{DDA7B783-9D40-40C3-B7EA-2CC8A1E13225}.Debug|Any CPU.Build.0 = Debug|Any CPU
		{DDA7B783-9D40-40C3-B7EA-2CC8A1E13225}.Release|Any CPU.ActiveCfg = Release|Any CPU
		{DDA7B783-9D40-40C3-B7EA-2CC8A1E13225}.Release|Any CPU.Build.0 = Release|Any CPU
		{422C3842-E91A-446B-8416-17B6800ACA6E}.Debug|Any CPU.ActiveCfg = Debug|Any CPU
		{422C3842-E91A-446B-8416-17B6800ACA6E}.Debug|Any CPU.Build.0 = Debug|Any CPU
		{422C3842-E91A-446B-8416-17B6800ACA6E}.Release|Any CPU.ActiveCfg = Release|Any CPU
		{422C3842-E91A-446B-8416-17B6800ACA6E}.Release|Any CPU.Build.0 = Release|Any CPU
	EndGlobalSection
	GlobalSection(SolutionProperties) = preSolution
		HideSolutionNode = FALSE
	EndGlobalSection
	GlobalSection(NestedProjects) = preSolution
		{3BFBBB36-D10F-469D-B633-FACEB6FA8445} = {5B4CA734-E787-45EB-BBD6-23CE2A277870}
		{246E0128-7DA1-4C17-9E29-3EEBF4D52791} = {5B4CA734-E787-45EB-BBD6-23CE2A277870}
		{66CBEA55-6EB8-45A7-BB18-50F9E39E72BA} = {5B4CA734-E787-45EB-BBD6-23CE2A277870}
		{5CAD7B8D-CE5E-42F9-88DE-E0C33E064755} = {5B4CA734-E787-45EB-BBD6-23CE2A277870}
		{FE36B4BB-FEAA-47AE-92F5-5CC666EF516A} = {69BD0F99-0A30-43D6-878C-9A6BB5D9E4B5}
		{DDA7B783-9D40-40C3-B7EA-2CC8A1E13225} = {69BD0F99-0A30-43D6-878C-9A6BB5D9E4B5}
		{422C3842-E91A-446B-8416-17B6800ACA6E} = {69BD0F99-0A30-43D6-878C-9A6BB5D9E4B5}
	EndGlobalSection
	GlobalSection(ExtensibilityGlobals) = postSolution
		SolutionGuid = {87D9B74F-765F-4C24-88EA-E62C23E7D09A}
	EndGlobalSection
EndGlobal
