
Microsoft Visual Studio Solution File, Format Version 12.00
Project("{2150E333-8FDC-42A3-9474-1A3956D46DE8}") = "src", "src", "{5B4CA734-E787-45EB-BBD6-23CE2A277870}"
EndProject
Project("{2150E333-8FDC-42A3-9474-1A3956D46DE8}") = "test", "test", "{69BD0F99-0A30-43D6-878C-9A6BB5D9E4B5}"
EndProject
Project("{FAE04EC0-301F-11D3-BF4B-00C04F79EFBC}") = "NorthStar.Domain", "NorthStar.Domain\NorthStar.Domain.csproj", "{6689BA60-E52B-4CE2-8D32-6EE93F469B01}"
EndProject
Global
	GlobalSection(SolutionConfigurationPlatforms) = preSolution
		Debug|Any CPU = Debug|Any CPU
		Release|Any CPU = Release|Any CPU
	EndGlobalSection
	GlobalSection(NestedProjects) = preSolution
		{6689BA60-E52B-4CE2-8D32-6EE93F469B01} = {5B4CA734-E787-45EB-BBD6-23CE2A277870}
	EndGlobalSection
	GlobalSection(ProjectConfigurationPlatforms) = postSolution
		{6689BA60-E52B-4CE2-8D32-6EE93F469B01}.Debug|Any CPU.ActiveCfg = Debug|Any CPU
		{6689BA60-E52B-4CE2-8D32-6EE93F469B01}.Debug|Any CPU.Build.0 = Debug|Any CPU
		{6689BA60-E52B-4CE2-8D32-6EE93F469B01}.Release|Any CPU.ActiveCfg = Release|Any CPU
		{6689BA60-E52B-4CE2-8D32-6EE93F469B01}.Release|Any CPU.Build.0 = Release|Any CPU
	EndGlobalSection
EndGlobal
